// !$*UTF8*$!
{
	archiveVersion = 1;
	classes = {
	};
	objectVersion = 50;
	objects = {

/* Begin PBXBuildFile section */
		A0D379202110AA6600B9119A /* AppDelegate.m in Sources */ = {isa = PBXBuildFile; fileRef = A0D3791F2110AA6600B9119A /* AppDelegate.m */; };
		A0D379232110AA6600B9119A /* ViewController.m in Sources */ = {isa = PBXBuildFile; fileRef = A0D379222110AA6600B9119A /* ViewController.m */; };
		A0D379262110AA6700B9119A /* Main.storyboard in Resources */ = {isa = PBXBuildFile; fileRef = A0D379242110AA6700B9119A /* Main.storyboard */; };
		A0D379282110AA6700B9119A /* Assets.xcassets in Resources */ = {isa = PBXBuildFile; fileRef = A0D379272110AA6700B9119A /* Assets.xcassets */; };
		A0D3792B2110AA6700B9119A /* LaunchScreen.storyboard in Resources */ = {isa = PBXBuildFile; fileRef = A0D379292110AA6700B9119A /* LaunchScreen.storyboard */; };
		A0D3792E2110AA6700B9119A /* main.m in Sources */ = {isa = PBXBuildFile; fileRef = A0D3792D2110AA6700B9119A /* main.m */; };
		A0D379382110AA9600B9119A /* WJMethodSwizzling.m in Sources */ = {isa = PBXBuildFile; fileRef = A0D379362110AA9600B9119A /* WJMethodSwizzling.m */; };
		A0D379392110AA9600B9119A /* WJSafety.m in Sources */ = {isa = PBXBuildFile; fileRef = A0D379372110AA9600B9119A /* WJSafety.m */; };
/* End PBXBuildFile section */

/* Begin PBXFileReference section */
		A0D3791B2110AA6600B9119A /* WJSafety.app */ = {isa = PBXFileReference; explicitFileType = wrapper.application; includeInIndex = 0; path = WJSafety.app; sourceTree = BUILT_PRODUCTS_DIR; };
		A0D3791E2110AA6600B9119A /* AppDelegate.h */ = {isa = PBXFileReference; lastKnownFileType = sourcecode.c.h; path = AppDelegate.h; sourceTree = "<group>"; };
		A0D3791F2110AA6600B9119A /* AppDelegate.m */ = {isa = PBXFileReference; lastKnownFileType = sourcecode.c.objc; path = AppDelegate.m; sourceTree = "<group>"; };
		A0D379212110AA6600B9119A /* ViewController.h */ = {isa = PBXFileReference; lastKnownFileType = sourcecode.c.h; path = ViewController.h; sourceTree = "<group>"; };
		A0D379222110AA6600B9119A /* ViewController.m */ = {isa = PBXFileReference; lastKnownFileType = sourcecode.c.objc; path = ViewController.m; sourceTree = "<group>"; };
		A0D379252110AA6700B9119A /* Base */ = {isa = PBXFileReference; lastKnownFileType = file.storyboard; name = Base; path = Base.lproj/Main.storyboard; sourceTree = "<group>"; };
		A0D379272110AA6700B9119A /* Assets.xcassets */ = {isa = PBXFileReference; lastKnownFileType = folder.assetcatalog; path = Assets.xcassets; sourceTree = "<group>"; };
		A0D3792A2110AA6700B9119A /* Base */ = {isa = PBXFileReference; lastKnownFileType = file.storyboard; name = Base; path = Base.lproj/LaunchScreen.storyboard; sourceTree = "<group>"; };
		A0D3792C2110AA6700B9119A /* Info.plist */ = {isa = PBXFileReference; lastKnownFileType = text.plist.xml; path = Info.plist; sourceTree = "<group>"; };
		A0D3792D2110AA6700B9119A /* main.m */ = {isa = PBXFileReference; lastKnownFileType = sourcecode.c.objc; path = main.m; sourceTree = "<group>"; };
		A0D379342110AA9600B9119A /* WJSafety.h */ = {isa = PBXFileReference; fileEncoding = 4; lastKnownFileType = sourcecode.c.h; path = WJSafety.h; sourceTree = "<group>"; };
		A0D379352110AA9600B9119A /* WJMethodSwizzling.h */ = {isa = PBXFileReference; fileEncoding = 4; lastKnownFileType = sourcecode.c.h; path = WJMethodSwizzling.h; sourceTree = "<group>"; };
		A0D379362110AA9600B9119A /* WJMethodSwizzling.m */ = {isa = PBXFileReference; fileEncoding = 4; lastKnownFileType = sourcecode.c.objc; path = WJMethodSwizzling.m; sourceTree = "<group>"; };
		A0D379372110AA9600B9119A /* WJSafety.m */ = {isa = PBXFileReference; fileEncoding = 4; lastKnownFileType = sourcecode.c.objc; path = WJSafety.m; sourceTree = "<group>"; };
/* End PBXFileReference section */

/* Begin PBXFrameworksBuildPhase section */
		A0D379182110AA6600B9119A /* Frameworks */ = {
			isa = PBXFrameworksBuildPhase;
			buildActionMask = 2147483647;
			files = (
			);
			runOnlyForDeploymentPostprocessing = 0;
		};
/* End PBXFrameworksBuildPhase section */

/* Begin PBXGroup section */
		A0D379122110AA6600B9119A = {
			isa = PBXGroup;
			children = (
				A0D3791D2110AA6600B9119A /* WJSafety */,
				A0D3791C2110AA6600B9119A /* Products */,
			);
			sourceTree = "<group>";
		};
		A0D3791C2110AA6600B9119A /* Products */ = {
			isa = PBXGroup;
			children = (
				A0D3791B2110AA6600B9119A /* WJSafety.app */,
			);
			name = Products;
			sourceTree = "<group>";
		};
		A0D3791D2110AA6600B9119A /* WJSafety */ = {
			isa = PBXGroup;
			children = (
				A0D3791E2110AA6600B9119A /* AppDelegate.h */,
				A0D3791F2110AA6600B9119A /* AppDelegate.m */,
				A0D379212110AA6600B9119A /* ViewController.h */,
				A0D379222110AA6600B9119A /* ViewController.m */,
				A0D379352110AA9600B9119A /* WJMethodSwizzling.h */,
				A0D379362110AA9600B9119A /* WJMethodSwizzling.m */,
				A0D379342110AA9600B9119A /* WJSafety.h */,
				A0D379372110AA9600B9119A /* WJSafety.m */,
				A0D379242110AA6700B9119A /* Main.storyboard */,
				A0D379272110AA6700B9119A /* Assets.xcassets */,
				A0D379292110AA6700B9119A /* LaunchScreen.storyboard */,
				A0D3792C2110AA6700B9119A /* Info.plist */,
				A0D3792D2110AA6700B9119A /* main.m */,
			);
			path = WJSafety;
			sourceTree = "<group>";
		};
/* End PBXGroup section */

/* Begin PBXNativeTarget section */
		A0D3791A2110AA6600B9119A /* WJSafety */ = {
			isa = PBXNativeTarget;
			buildConfigurationList = A0D379312110AA6700B9119A /* Build configuration list for PBXNativeTarget "WJSafety" */;
			buildPhases = (
				A0D379172110AA6600B9119A /* Sources */,
				A0D379182110AA6600B9119A /* Frameworks */,
				A0D379192110AA6600B9119A /* Resources */,
			);
			buildRules = (
			);
			dependencies = (
			);
			name = WJSafety;
			productName = WJSafety;
			productReference = A0D3791B2110AA6600B9119A /* WJSafety.app */;
			productType = "com.apple.product-type.application";
		};
/* End PBXNativeTarget section */

/* Begin PBXProject section */
		A0D379132110AA6600B9119A /* Project object */ = {
			isa = PBXProject;
			attributes = {
				LastUpgradeCheck = 0940;
				ORGANIZATIONNAME = "王杰";
				TargetAttributes = {
					A0D3791A2110AA6600B9119A = {
						CreatedOnToolsVersion = 9.4.1;
					};
				};
			};
			buildConfigurationList = A0D379162110AA6600B9119A /* Build configuration list for PBXProject "WJSafety" */;
			compatibilityVersion = "Xcode 9.3";
			developmentRegion = en;
			hasScannedForEncodings = 0;
			knownRegions = (
				en,
				Base,
			);
			mainGroup = A0D379122110AA6600B9119A;
			productRefGroup = A0D3791C2110AA6600B9119A /* Products */;
			projectDirPath = "";
			projectRoot = "";
			targets = (
				A0D3791A2110AA6600B9119A /* WJSafety */,
			);
		};
/* End PBXProject section */

/* Begin PBXResourcesBuildPhase section */
		A0D379192110AA6600B9119A /* Resources */ = {
			isa = PBXResourcesBuildPhase;
			buildActionMask = 2147483647;
			files = (
				A0D3792B2110AA6700B9119A /* LaunchScreen.storyboard in Resources */,
				A0D379282110AA6700B9119A /* Assets.xcassets in Resources */,
				A0D379262110AA6700B9119A /* Main.storyboard in Resources */,
			);
			runOnlyForDeploymentPostprocessing = 0;
		};
/* End PBXResourcesBuildPhase section */

/* Begin PBXSourcesBuildPhase section */
		A0D379172110AA6600B9119A /* Sources */ = {
			isa = PBXSourcesBuildPhase;
			buildActionMask = 2147483647;
			files = (
				A0D379392110AA9600B9119A /* WJSafety.m in Sources */,
				A0D379232110AA6600B9119A /* ViewController.m in Sources */,
				A0D379382110AA9600B9119A /* WJMethodSwizzling.m in Sources */,
				A0D3792E2110AA6700B9119A /* main.m in Sources */,
				A0D379202110AA6600B9119A /* AppDelegate.m in Sources */,
			);
			runOnlyForDeploymentPostprocessing = 0;
		};
/* End PBXSourcesBuildPhase section */

/* Begin PBXVariantGroup section */
		A0D379242110AA6700B9119A /* Main.storyboard */ = {
			isa = PBXVariantGroup;
			children = (
				A0D379252110AA6700B9119A /* Base */,
			);
			name = Main.storyboard;
			sourceTree = "<group>";
		};
		A0D379292110AA6700B9119A /* LaunchScreen.storyboard */ = {
			isa = PBXVariantGroup;
			children = (
				A0D3792A2110AA6700B9119A /* Base */,
			);
			name = LaunchScreen.storyboard;
			sourceTree = "<group>";
		};
/* End PBXVariantGroup section */

/* Begin XCBuildConfiguration section */
		A0D3792F2110AA6700B9119A /* Debug */ = {
			isa = XCBuildConfiguration;
			buildSettings = {
				ALWAYS_SEARCH_USER_PATHS = NO;
				CLANG_ANALYZER_NONNULL = YES;
				CLANG_ANALYZER_NUMBER_OBJECT_CONVERSION = YES_AGGRESSIVE;
				CLANG_CXX_LANGUAGE_STANDARD = "gnu++14";
				CLANG_CXX_LIBRARY = "libc++";
				CLANG_ENABLE_MODULES = YES;
				CLANG_ENABLE_OBJC_ARC = YES;
				CLANG_ENABLE_OBJC_WEAK = YES;
				CLANG_WARN_BLOCK_CAPTURE_AUTORELEASING = YES;
				CLANG_WARN_BOOL_CONVERSION = YES;
				CLANG_WARN_COMMA = YES;
				CLANG_WARN_CONSTANT_CONVERSION = YES;
				CLANG_WARN_DEPRECATED_OBJC_IMPLEMENTATIONS = YES;
				CLANG_WARN_DIRECT_OBJC_ISA_USAGE = YES_ERROR;
				CLANG_WARN_DOCUMENTATION_COMMENTS = YES;
				CLANG_WARN_EMPTY_BODY = YES;
				CLANG_WARN_ENUM_CONVERSION = YES;
				CLANG_WARN_INFINITE_RECURSION = YES;
				CLANG_WARN_INT_CONVERSION = YES;
				CLANG_WARN_NON_LITERAL_NULL_CONVERSION = YES;
				CLANG_WARN_OBJC_IMPLICIT_RETAIN_SELF = YES;
				CLANG_WARN_OBJC_LITERAL_CONVERSION = YES;
				CLANG_WARN_OBJC_ROOT_CLASS = YES_ERROR;
				CLANG_WARN_RANGE_LOOP_ANALYSIS = YES;
				CLANG_WARN_STRICT_PROTOTYPES = YES;
				CLANG_WARN_SUSPICIOUS_MOVE = YES;
				CLANG_WARN_UNGUARDED_AVAILABILITY = YES_AGGRESSIVE;
				CLANG_WARN_UNREACHABLE_CODE = YES;
				CLANG_WARN__DUPLICATE_METHOD_MATCH = YES;
				CODE_SIGN_IDENTITY = "iPhone Developer";
				COPY_PHASE_STRIP = NO;
				DEBUG_INFORMATION_FORMAT = dwarf;
				ENABLE_STRICT_OBJC_MSGSEND = YES;
				ENABLE_TESTABILITY = YES;
				GCC_C_LANGUAGE_STANDARD = gnu11;
				GCC_DYNAMIC_NO_PIC = NO;
				GCC_NO_COMMON_BLOCKS = YES;
				GCC_OPTIMIZATION_LEVEL = 0;
				GCC_PREPROCESSOR_DEFINITIONS = (
					"DEBUG=1",
					"$(inherited)",
				);
				GCC_WARN_64_TO_32_BIT_CONVERSION = YES;
				GCC_WARN_ABOUT_RETURN_TYPE = YES_ERROR;
				GCC_WARN_UNDECLARED_SELECTOR = YES;
				GCC_WARN_UNINITIALIZED_AUTOS = YES_AGGRESSIVE;
				GCC_WARN_UNUSED_FUNCTION = YES;
				GCC_WARN_UNUSED_VARIABLE = YES;
				IPHONEOS_DEPLOYMENT_TARGET = 11.4;
				MTL_ENABLE_DEBUG_INFO = YES;
				ONLY_ACTIVE_ARCH = YES;
				SDKROOT = iphoneos;
			};
			name = Debug;
		};
		A0D379302110AA6700B9119A /* Release */ = {
			isa = XCBuildConfiguration;
			buildSettings = {
				ALWAYS_SEARCH_USER_PATHS = NO;
				CLANG_ANALYZER_NONNULL = YES;
				CLANG_ANALYZER_NUMBER_OBJECT_CONVERSION = YES_AGGRESSIVE;
				CLANG_CXX_LANGUAGE_STANDARD = "gnu++14";
				CLANG_CXX_LIBRARY = "libc++";
				CLANG_ENABLE_MODULES = YES;
				CLANG_ENABLE_OBJC_ARC = YES;
				CLANG_ENABLE_OBJC_WEAK = YES;
				CLANG_WARN_BLOCK_CAPTURE_AUTORELEASING = YES;
				CLANG_WARN_BOOL_CONVERSION = YES;
				CLANG_WARN_COMMA = YES;
				CLANG_WARN_CONSTANT_CONVERSION = YES;
				CLANG_WARN_DEPRECATED_OBJC_IMPLEMENTATIONS = YES;
				CLANG_WARN_DIRECT_OBJC_ISA_USAGE = YES_ERROR;
				CLANG_WARN_DOCUMENTATION_COMMENTS = YES;
				CLANG_WARN_EMPTY_BODY = YES;
				CLANG_WARN_ENUM_CONVERSION = YES;
				CLANG_WARN_INFINITE_RECURSION = YES;
				CLANG_WARN_INT_CONVERSION = YES;
				CLANG_WARN_NON_LITERAL_NULL_CONVERSION = YES;
				CLANG_WARN_OBJC_IMPLICIT_RETAIN_SELF = YES;
				CLANG_WARN_OBJC_LITERAL_CONVERSION = YES;
				CLANG_WARN_OBJC_ROOT_CLASS = YES_ERROR;
				CLANG_WARN_RANGE_LOOP_ANALYSIS = YES;
				CLANG_WARN_STRICT_PROTOTYPES = YES;
				CLANG_WARN_SUSPICIOUS_MOVE = YES;
				CLANG_WARN_UNGUARDED_AVAILABILITY = YES_AGGRESSIVE;
				CLANG_WARN_UNREACHABLE_CODE = YES;
				CLANG_WARN__DUPLICATE_METHOD_MATCH = YES;
				CODE_SIGN_IDENTITY = "iPhone Developer";
				COPY_PHASE_STRIP = NO;
				DEBUG_INFORMATION_FORMAT = "dwarf-with-dsym";
				ENABLE_NS_ASSERTIONS = NO;
				ENABLE_STRICT_OBJC_MSGSEND = YES;
				GCC_C_LANGUAGE_STANDARD = gnu11;
				GCC_NO_COMMON_BLOCKS = YES;
				GCC_WARN_64_TO_32_BIT_CONVERSION = YES;
				GCC_WARN_ABOUT_RETURN_TYPE = YES_ERROR;
				GCC_WARN_UNDECLARED_SELECTOR = YES;
				GCC_WARN_UNINITIALIZED_AUTOS = YES_AGGRESSIVE;
				GCC_WARN_UNUSED_FUNCTION = YES;
				GCC_WARN_UNUSED_VARIABLE = YES;
				IPHONEOS_DEPLOYMENT_TARGET = 11.4;
				MTL_ENABLE_DEBUG_INFO = NO;
				SDKROOT = iphoneos;
				VALIDATE_PRODUCT = YES;
			};
			name = Release;
		};
		A0D379322110AA6700B9119A /* Debug */ = {
			isa = XCBuildConfiguration;
			buildSettings = {
				ASSETCATALOG_COMPILER_APPICON_NAME = AppIcon;
				CODE_SIGN_STYLE = Automatic;
				INFOPLIST_FILE = WJSafety/Info.plist;
				LD_RUNPATH_SEARCH_PATHS = (
					"$(inherited)",
					"@executable_path/Frameworks",
				);
				PRODUCT_BUNDLE_IDENTIFIER = com.WJSafety;
				PRODUCT_NAME = "$(TARGET_NAME)";
				TARGETED_DEVICE_FAMILY = "1,2";
			};
			name = Debug;
		};
		A0D379332110AA6700B9119A /* Release */ = {
			isa = XCBuildConfiguration;
			buildSettings = {
				ASSETCATALOG_COMPILER_APPICON_NAME = AppIcon;
				CODE_SIGN_STYLE = Automatic;
				INFOPLIST_FILE = WJSafety/Info.plist;
				LD_RUNPATH_SEARCH_PATHS = (
					"$(inherited)",
					"@executable_path/Frameworks",
				);
				PRODUCT_BUNDLE_IDENTIFIER = com.WJSafety;
				PRODUCT_NAME = "$(TARGET_NAME)";
				TARGETED_DEVICE_FAMILY = "1,2";
			};
			name = Release;
		};
/* End XCBuildConfiguration section */

/* Begin XCConfigurationList section */
		A0D379162110AA6600B9119A /* Build configuration list for PBXProject "WJSafety" */ = {
			isa = XCConfigurationList;
			buildConfigurations = (
				A0D3792F2110AA6700B9119A /* Debug */,
				A0D379302110AA6700B9119A /* Release */,
			);
			defaultConfigurationIsVisible = 0;
			defaultConfigurationName = Release;
		};
		A0D379312110AA6700B9119A /* Build configuration list for PBXNativeTarget "WJSafety" */ = {
			isa = XCConfigurationList;
			buildConfigurations = (
				A0D379322110AA6700B9119A /* Debug */,
				A0D379332110AA6700B9119A /* Release */,
			);
			defaultConfigurationIsVisible = 0;
			defaultConfigurationName = Release;
		};
/* End XCConfigurationList section */
	};
	rootObject = A0D379132110AA6600B9119A /* Project object */;
}
